// !$*UTF8*$!
{
	archiveVersion = 1;
	classes = {
	};
	objectVersion = 46;
	objects = {

/* Begin PBXBuildFile section */
		00C302E51ABCBA2D00DB3ED1 /* libRCTActionSheet.a in Frameworks */ = {isa = PBXBuildFile; fileRef = 00C302AC1ABCB8CE00DB3ED1 /* libRCTActionSheet.a */; };
		00C302E71ABCBA2D00DB3ED1 /* libRCTGeolocation.a in Frameworks */ = {isa = PBXBuildFile; fileRef = 00C302BA1ABCB90400DB3ED1 /* libRCTGeolocation.a */; };
		00C302E81ABCBA2D00DB3ED1 /* libRCTImage.a in Frameworks */ = {isa = PBXBuildFile; fileRef = 00C302C01ABCB91800DB3ED1 /* libRCTImage.a */; };
		00C302E91ABCBA2D00DB3ED1 /* libRCTNetwork.a in Frameworks */ = {isa = PBXBuildFile; fileRef = 00C302DC1ABCB9D200DB3ED1 /* libRCTNetwork.a */; };
		00C302EA1ABCBA2D00DB3ED1 /* libRCTVibration.a in Frameworks */ = {isa = PBXBuildFile; fileRef = 00C302E41ABCB9EE00DB3ED1 /* libRCTVibration.a */; };
		00E356F31AD99517003FC87E /* kakeeTests.m in Sources */ = {isa = PBXBuildFile; fileRef = 00E356F21AD99517003FC87E /* kakeeTests.m */; };
		133E29F31AD74F7200F7D852 /* libRCTLinking.a in Frameworks */ = {isa = PBXBuildFile; fileRef = 78C398B91ACF4ADC00677621 /* libRCTLinking.a */; };
		139105C61AF99C1200B5F7CC /* libRCTSettings.a in Frameworks */ = {isa = PBXBuildFile; fileRef = 139105C11AF99BAD00B5F7CC /* libRCTSettings.a */; };
		139FDEF61B0652A700C62182 /* libRCTWebSocket.a in Frameworks */ = {isa = PBXBuildFile; fileRef = 139FDEF41B06529B00C62182 /* libRCTWebSocket.a */; };
		13B07FBC1A68108700A75B9A /* AppDelegate.m in Sources */ = {isa = PBXBuildFile; fileRef = 13B07FB01A68108700A75B9A /* AppDelegate.m */; };
		13B07FBD1A68108700A75B9A /* LaunchScreen.xib in Resources */ = {isa = PBXBuildFile; fileRef = 13B07FB11A68108700A75B9A /* LaunchScreen.xib */; };
		13B07FBF1A68108700A75B9A /* Images.xcassets in Resources */ = {isa = PBXBuildFile; fileRef = 13B07FB51A68108700A75B9A /* Images.xcassets */; };
		13B07FC11A68108700A75B9A /* main.m in Sources */ = {isa = PBXBuildFile; fileRef = 13B07FB71A68108700A75B9A /* main.m */; };
		146834051AC3E58100842450 /* libReact.a in Frameworks */ = {isa = PBXBuildFile; fileRef = 146834041AC3E56700842450 /* libReact.a */; };
		21FF6FD7491A49648D225976 /* libc++.tbd in Frameworks */ = {isa = PBXBuildFile; fileRef = 429ADFF3664D4A11A0094DE1 /* libc++.tbd */; };
		40691F13F4B14C5BAC384C6B /* Octicons.ttf in Resources */ = {isa = PBXBuildFile; fileRef = 815C05D3B6C84E93ABEEB6DC /* Octicons.ttf */; };
		4472D5BF6DA24982A9FA5134 /* libAirMaps.a in Frameworks */ = {isa = PBXBuildFile; fileRef = C6338395C33243D29C55E683 /* libAirMaps.a */; };
		48327E91D941C6B316359EC5 /* libPods-kakee.a in Frameworks */ = {isa = PBXBuildFile; fileRef = E16E989FCC9BDA3A814D77BD /* libPods-kakee.a */; };
		5A07ACB21C2FAF1B00849FDD /* Printers.m in Sources */ = {isa = PBXBuildFile; fileRef = 5A07AC9E1C2FAF1B00849FDD /* Printers.m */; };
		5A07ACB31C2FAF1B00849FDD /* DotMatrixPrinter.m in Sources */ = {isa = PBXBuildFile; fileRef = 5A07ACA11C2FAF1B00849FDD /* DotMatrixPrinter.m */; };
		5A07ACB41C2FAF1B00849FDD /* PaymentProcessor.m in Sources */ = {isa = PBXBuildFile; fileRef = 5A07ACA41C2FAF1B00849FDD /* PaymentProcessor.m */; };
		5A07ACB61C2FAF1B00849FDD /* PayPal.m in Sources */ = {isa = PBXBuildFile; fileRef = 5A07ACA91C2FAF1B00849FDD /* PayPal.m */; };
		5A07ACC21C2FAF3900849FDD /* StarIO.framework in Frameworks */ = {isa = PBXBuildFile; fileRef = 5A07ACC11C2FAF3900849FDD /* StarIO.framework */; };
		5A34F12F1CEED62B00FC8C4B /* libRCTCameraRoll.a in Frameworks */ = {isa = PBXBuildFile; fileRef = 5A34F1231CEED60A00FC8C4B /* libRCTCameraRoll.a */; };
		5A991AE11C3CA16E003D458C /* CardReaders.m in Sources */ = {isa = PBXBuildFile; fileRef = 5A991ADF1C3CA16E003D458C /* CardReaders.m */; };
		5AA30EB41CB5D7E600B6A77F /* Utils.m in Sources */ = {isa = PBXBuildFile; fileRef = 5AA30EB31CB5D7E600B6A77F /* Utils.m */; };
		5AF68B311CF9EEC3000BD9BB /* libReact.a in Frameworks */ = {isa = PBXBuildFile; fileRef = 146834041AC3E56700842450 /* libReact.a */; };
		66E78077F1F34B48A0EB608E /* libRNDeviceInfo.a in Frameworks */ = {isa = PBXBuildFile; fileRef = 737E90A7DB5A4075A67DF001 /* libRNDeviceInfo.a */; };
		68803FDBD9644A9980B82C4A /* EvilIcons.ttf in Resources */ = {isa = PBXBuildFile; fileRef = 4F7F44B8DBDA492FB36F7EDD /* EvilIcons.ttf */; };
		762F94711DC2ADF000C4FA26 /* Braintree.m in Sources */ = {isa = PBXBuildFile; fileRef = 762F94701DC2ADF000C4FA26 /* Braintree.m */; };
		762F96321DFC6AA1006118B1 /* libART.a in Frameworks */ = {isa = PBXBuildFile; fileRef = 762F96231DFC6A2B006118B1 /* libART.a */; };
		7630BDB81DE4A45A0034E779 /* CertUtils.m in Sources */ = {isa = PBXBuildFile; fileRef = 7630BDB61DE4A45A0034E779 /* CertUtils.m */; };
		766E2DE91D8284DA007DFA8B /* signed_cert.der in Resources */ = {isa = PBXBuildFile; fileRef = 766E2DE81D8284DA007DFA8B /* signed_cert.der */; };
		767621141E53565E00175898 /* SquareRegister.m in Sources */ = {isa = PBXBuildFile; fileRef = 767621121E53565E00175898 /* SquareRegister.m */; };
		832341BD1AAA6AB300B99B32 /* libRCTText.a in Frameworks */ = {isa = PBXBuildFile; fileRef = 832341B51AAA6A8300B99B32 /* libRCTText.a */; };
		8B01491AE902411CB0E9A109 /* Foundation.ttf in Resources */ = {isa = PBXBuildFile; fileRef = C0207F445F9F450594DEEE49 /* Foundation.ttf */; };
		8FBD7F094DF34F269BC7D735 /* libz.tbd in Frameworks */ = {isa = PBXBuildFile; fileRef = C0525D1FA88C4F0387C51E81 /* libz.tbd */; };
		956872C236FD4116A7EBAC81 /* Ionicons.ttf in Resources */ = {isa = PBXBuildFile; fileRef = 7C9D28B4762047B0B785CBEC /* Ionicons.ttf */; };
		A12C0FBD6184417DB4C5239E /* libRNVectorIcons.a in Frameworks */ = {isa = PBXBuildFile; fileRef = F92FF704151A4B988F71E7C7 /* libRNVectorIcons.a */; };
		AB39707708E74685AC084790 /* libRealmReact.a in Frameworks */ = {isa = PBXBuildFile; fileRef = 93A59A78036B4A80A36D1171 /* libRealmReact.a */; };
		B23736003D6F47AA8D8357C2 /* MaterialIcons.ttf in Resources */ = {isa = PBXBuildFile; fileRef = 389F2A8C57D947B48EC45B83 /* MaterialIcons.ttf */; };
		B91D252A8EAE4325843C8FF5 /* Entypo.ttf in Resources */ = {isa = PBXBuildFile; fileRef = AB1E65B6A38D4AD6B9681668 /* Entypo.ttf */; };
		BC9F97AE89C046E9A58E61FA /* Zocial.ttf in Resources */ = {isa = PBXBuildFile; fileRef = F8CC52A557FC42EBAE3A99D2 /* Zocial.ttf */; };
		CD97CA170260479C872F0950 /* FontAwesome.ttf in Resources */ = {isa = PBXBuildFile; fileRef = 5E8C4ED92BA244278C5ACC62 /* FontAwesome.ttf */; };
/* End PBXBuildFile section */

/* Begin PBXContainerItemProxy section */
		00C302AB1ABCB8CE00DB3ED1 /* PBXContainerItemProxy */ = {
			isa = PBXContainerItemProxy;
			containerPortal = 00C302A71ABCB8CE00DB3ED1 /* RCTActionSheet.xcodeproj */;
			proxyType = 2;
			remoteGlobalIDString = 134814201AA4EA6300B7C361;
			remoteInfo = RCTActionSheet;
		};
		00C302B91ABCB90400DB3ED1 /* PBXContainerItemProxy */ = {
			isa = PBXContainerItemProxy;
			containerPortal = 00C302B51ABCB90400DB3ED1 /* RCTGeolocation.xcodeproj */;
			proxyType = 2;
			remoteGlobalIDString = 134814201AA4EA6300B7C361;
			remoteInfo = RCTGeolocation;
		};
		00C302BF1ABCB91800DB3ED1 /* PBXContainerItemProxy */ = {
			isa = PBXContainerItemProxy;
			containerPortal = 00C302BB1ABCB91800DB3ED1 /* RCTImage.xcodeproj */;
			proxyType = 2;
			remoteGlobalIDString = 58B5115D1A9E6B3D00147676;
			remoteInfo = RCTImage;
		};
		00C302DB1ABCB9D200DB3ED1 /* PBXContainerItemProxy */ = {
			isa = PBXContainerItemProxy;
			containerPortal = 00C302D31ABCB9D200DB3ED1 /* RCTNetwork.xcodeproj */;
			proxyType = 2;
			remoteGlobalIDString = 58B511DB1A9E6C8500147676;
			remoteInfo = RCTNetwork;
		};
		00C302E31ABCB9EE00DB3ED1 /* PBXContainerItemProxy */ = {
			isa = PBXContainerItemProxy;
			containerPortal = 00C302DF1ABCB9EE00DB3ED1 /* RCTVibration.xcodeproj */;
			proxyType = 2;
			remoteGlobalIDString = 832C81801AAF6DEF007FA2F7;
			remoteInfo = RCTVibration;
		};
		00E356F41AD99517003FC87E /* PBXContainerItemProxy */ = {
			isa = PBXContainerItemProxy;
			containerPortal = 83CBB9F71A601CBA00E9B192 /* Project object */;
			proxyType = 1;
			remoteGlobalIDString = 13B07F861A680F5B00A75B9A;
			remoteInfo = kakee;
		};
		139105C01AF99BAD00B5F7CC /* PBXContainerItemProxy */ = {
			isa = PBXContainerItemProxy;
			containerPortal = 139105B61AF99BAD00B5F7CC /* RCTSettings.xcodeproj */;
			proxyType = 2;
			remoteGlobalIDString = 134814201AA4EA6300B7C361;
			remoteInfo = RCTSettings;
		};
		139FDEF31B06529B00C62182 /* PBXContainerItemProxy */ = {
			isa = PBXContainerItemProxy;
			containerPortal = 139FDEE61B06529A00C62182 /* RCTWebSocket.xcodeproj */;
			proxyType = 2;
			remoteGlobalIDString = 3C86DF461ADF2C930047B81A;
			remoteInfo = RCTWebSocket;
		};
		146834031AC3E56700842450 /* PBXContainerItemProxy */ = {
			isa = PBXContainerItemProxy;
			containerPortal = 146833FF1AC3E56700842450 /* React.xcodeproj */;
			proxyType = 2;
			remoteGlobalIDString = 83CBBA2E1A601D0E00E9B192;
			remoteInfo = React;
		};
		5A34F1221CEED60A00FC8C4B /* PBXContainerItemProxy */ = {
			isa = PBXContainerItemProxy;
			containerPortal = 5A34F11C1CEED60A00FC8C4B /* RCTCameraRoll.xcodeproj */;
			proxyType = 2;
			remoteGlobalIDString = 58B5115D1A9E6B3D00147676;
			remoteInfo = RCTCameraRoll;
		};
		5A4157231CCA80350049A1CE /* PBXContainerItemProxy */ = {
			isa = PBXContainerItemProxy;
			containerPortal = 8CA3D3A15A664DA6ACF0B5AA /* AirMaps.xcodeproj */;
			proxyType = 2;
			remoteGlobalIDString = 11FA5C511C4A1296003AC2EE;
			remoteInfo = AirMaps;
		};
		5ADEA33C1CAB7ABB00C800B1 /* PBXContainerItemProxy */ = {
			isa = PBXContainerItemProxy;
			containerPortal = 37CE38260DCA45428A75ED38 /* RealmReact.xcodeproj */;
			proxyType = 2;
			remoteGlobalIDString = F60690131CA2766F0003FB26;
			remoteInfo = RealmReact;
		};
		5AE479131CB719C0001E4DDA /* PBXContainerItemProxy */ = {
			isa = PBXContainerItemProxy;
			containerPortal = DA9E087B91EA415DAA6C86C8 /* RNVectorIcons.xcodeproj */;
			proxyType = 2;
			remoteGlobalIDString = 5DBEB1501B18CEA900B34395;
			remoteInfo = RNVectorIcons;
		};
		762F96221DFC6A2B006118B1 /* PBXContainerItemProxy */ = {
			isa = PBXContainerItemProxy;
			containerPortal = 762F961D1DFC6A2B006118B1 /* ART.xcodeproj */;
			proxyType = 2;
			remoteGlobalIDString = 0CF68AC11AF0540F00FF9E5C;
			remoteInfo = ART;
		};
		7698F2EE1D835DA50032A81A /* PBXContainerItemProxy */ = {
			isa = PBXContainerItemProxy;
			containerPortal = 7C1FA8D2786E449EABFC4155 /* RNDeviceInfo.xcodeproj */;
			proxyType = 2;
			remoteGlobalIDString = DA5891D81BA9A9FC002B4DB2;
			remoteInfo = RNDeviceInfo;
		};
		78C398B81ACF4ADC00677621 /* PBXContainerItemProxy */ = {
			isa = PBXContainerItemProxy;
			containerPortal = 78C398B01ACF4ADC00677621 /* RCTLinking.xcodeproj */;
			proxyType = 2;
			remoteGlobalIDString = 134814201AA4EA6300B7C361;
			remoteInfo = RCTLinking;
		};
		832341B41AAA6A8300B99B32 /* PBXContainerItemProxy */ = {
			isa = PBXContainerItemProxy;
			containerPortal = 832341B01AAA6A8300B99B32 /* RCTText.xcodeproj */;
			proxyType = 2;
			remoteGlobalIDString = 58B5119B1A9E6C1200147676;
			remoteInfo = RCTText;
		};
/* End PBXContainerItemProxy section */

/* Begin PBXFileReference section */
		008F07F21AC5B25A0029DE68 /* main.jsbundle */ = {isa = PBXFileReference; fileEncoding = 4; lastKnownFileType = text; path = main.jsbundle; sourceTree = "<group>"; };
		00C302A71ABCB8CE00DB3ED1 /* RCTActionSheet.xcodeproj */ = {isa = PBXFileReference; lastKnownFileType = "wrapper.pb-project"; name = RCTActionSheet.xcodeproj; path = "../node_modules/react-native/Libraries/ActionSheetIOS/RCTActionSheet.xcodeproj"; sourceTree = "<group>"; };
		00C302B51ABCB90400DB3ED1 /* RCTGeolocation.xcodeproj */ = {isa = PBXFileReference; lastKnownFileType = "wrapper.pb-project"; name = RCTGeolocation.xcodeproj; path = "../node_modules/react-native/Libraries/Geolocation/RCTGeolocation.xcodeproj"; sourceTree = "<group>"; };
		00C302BB1ABCB91800DB3ED1 /* RCTImage.xcodeproj */ = {isa = PBXFileReference; lastKnownFileType = "wrapper.pb-project"; name = RCTImage.xcodeproj; path = "../node_modules/react-native/Libraries/Image/RCTImage.xcodeproj"; sourceTree = "<group>"; };
		00C302D31ABCB9D200DB3ED1 /* RCTNetwork.xcodeproj */ = {isa = PBXFileReference; lastKnownFileType = "wrapper.pb-project"; name = RCTNetwork.xcodeproj; path = "../node_modules/react-native/Libraries/Network/RCTNetwork.xcodeproj"; sourceTree = "<group>"; };
		00C302DF1ABCB9EE00DB3ED1 /* RCTVibration.xcodeproj */ = {isa = PBXFileReference; lastKnownFileType = "wrapper.pb-project"; name = RCTVibration.xcodeproj; path = "../node_modules/react-native/Libraries/Vibration/RCTVibration.xcodeproj"; sourceTree = "<group>"; };
		00E356EE1AD99517003FC87E /* kakeeTests.xctest */ = {isa = PBXFileReference; explicitFileType = wrapper.cfbundle; includeInIndex = 0; path = kakeeTests.xctest; sourceTree = BUILT_PRODUCTS_DIR; };
		00E356F11AD99517003FC87E /* Info.plist */ = {isa = PBXFileReference; lastKnownFileType = text.plist.xml; path = Info.plist; sourceTree = "<group>"; };
		00E356F21AD99517003FC87E /* kakeeTests.m */ = {isa = PBXFileReference; lastKnownFileType = sourcecode.c.objc; path = kakeeTests.m; sourceTree = "<group>"; };
		139105B61AF99BAD00B5F7CC /* RCTSettings.xcodeproj */ = {isa = PBXFileReference; lastKnownFileType = "wrapper.pb-project"; name = RCTSettings.xcodeproj; path = "../node_modules/react-native/Libraries/Settings/RCTSettings.xcodeproj"; sourceTree = "<group>"; };
		139FDEE61B06529A00C62182 /* RCTWebSocket.xcodeproj */ = {isa = PBXFileReference; lastKnownFileType = "wrapper.pb-project"; name = RCTWebSocket.xcodeproj; path = "../node_modules/react-native/Libraries/WebSocket/RCTWebSocket.xcodeproj"; sourceTree = "<group>"; };
		13B07F961A680F5B00A75B9A /* kakee.app */ = {isa = PBXFileReference; explicitFileType = wrapper.application; includeInIndex = 0; path = kakee.app; sourceTree = BUILT_PRODUCTS_DIR; };
		13B07FAF1A68108700A75B9A /* AppDelegate.h */ = {isa = PBXFileReference; fileEncoding = 4; lastKnownFileType = sourcecode.c.h; name = AppDelegate.h; path = kakee/AppDelegate.h; sourceTree = "<group>"; };
		13B07FB01A68108700A75B9A /* AppDelegate.m */ = {isa = PBXFileReference; fileEncoding = 4; lastKnownFileType = sourcecode.c.objc; name = AppDelegate.m; path = kakee/AppDelegate.m; sourceTree = "<group>"; };
		13B07FB21A68108700A75B9A /* Base */ = {isa = PBXFileReference; lastKnownFileType = file.xib; name = Base; path = Base.lproj/LaunchScreen.xib; sourceTree = "<group>"; };
		13B07FB51A68108700A75B9A /* Images.xcassets */ = {isa = PBXFileReference; lastKnownFileType = folder.assetcatalog; name = Images.xcassets; path = kakee/Images.xcassets; sourceTree = "<group>"; };
		13B07FB61A68108700A75B9A /* Info.plist */ = {isa = PBXFileReference; fileEncoding = 4; lastKnownFileType = text.plist.xml; name = Info.plist; path = kakee/Info.plist; sourceTree = "<group>"; };
		13B07FB71A68108700A75B9A /* main.m */ = {isa = PBXFileReference; fileEncoding = 4; lastKnownFileType = sourcecode.c.objc; name = main.m; path = kakee/main.m; sourceTree = "<group>"; };
		146833FF1AC3E56700842450 /* React.xcodeproj */ = {isa = PBXFileReference; lastKnownFileType = "wrapper.pb-project"; name = React.xcodeproj; path = "../node_modules/react-native/React/React.xcodeproj"; sourceTree = "<group>"; };
		37CE38260DCA45428A75ED38 /* RealmReact.xcodeproj */ = {isa = PBXFileReference; explicitFileType = undefined; fileEncoding = 0; includeInIndex = 0; lastKnownFileType = "wrapper.pb-project"; name = RealmReact.xcodeproj; path = "../node_modules/realm/react-native/ios/RealmReact.xcodeproj"; sourceTree = "<group>"; };
		389F2A8C57D947B48EC45B83 /* MaterialIcons.ttf */ = {isa = PBXFileReference; explicitFileType = undefined; fileEncoding = 0; includeInIndex = 0; lastKnownFileType = unknown; name = MaterialIcons.ttf; path = "../node_modules/react-native-vector-icons/Fonts/MaterialIcons.ttf"; sourceTree = "<group>"; };
		3B0D4880F3C1CA082BD6C8DC /* Pods-kakee.release.xcconfig */ = {isa = PBXFileReference; includeInIndex = 1; lastKnownFileType = text.xcconfig; name = "Pods-kakee.release.xcconfig"; path = "Pods/Target Support Files/Pods-kakee/Pods-kakee.release.xcconfig"; sourceTree = "<group>"; };
		429ADFF3664D4A11A0094DE1 /* libc++.tbd */ = {isa = PBXFileReference; explicitFileType = undefined; fileEncoding = 0; includeInIndex = 0; lastKnownFileType = "sourcecode.text-based-dylib-definition"; name = "libc++.tbd"; path = "usr/lib/libc++.tbd"; sourceTree = SDKROOT; };
		4F7F44B8DBDA492FB36F7EDD /* EvilIcons.ttf */ = {isa = PBXFileReference; explicitFileType = undefined; fileEncoding = 0; includeInIndex = 0; lastKnownFileType = unknown; name = EvilIcons.ttf; path = "../node_modules/react-native-vector-icons/Fonts/EvilIcons.ttf"; sourceTree = "<group>"; };
		5A07AC9D1C2FAF1B00849FDD /* Printers.h */ = {isa = PBXFileReference; fileEncoding = 4; lastKnownFileType = sourcecode.c.h; path = Printers.h; sourceTree = "<group>"; };
		5A07AC9E1C2FAF1B00849FDD /* Printers.m */ = {isa = PBXFileReference; fileEncoding = 4; lastKnownFileType = sourcecode.c.objc; path = Printers.m; sourceTree = "<group>"; };
		5A07ACA01C2FAF1B00849FDD /* DotMatrixPrinter.h */ = {isa = PBXFileReference; fileEncoding = 4; lastKnownFileType = sourcecode.c.h; path = DotMatrixPrinter.h; sourceTree = "<group>"; };
		5A07ACA11C2FAF1B00849FDD /* DotMatrixPrinter.m */ = {isa = PBXFileReference; fileEncoding = 4; lastKnownFileType = sourcecode.c.objc; path = DotMatrixPrinter.m; sourceTree = "<group>"; };
		5A07ACA31C2FAF1B00849FDD /* PaymentProcessor.h */ = {isa = PBXFileReference; fileEncoding = 4; lastKnownFileType = sourcecode.c.h; path = PaymentProcessor.h; sourceTree = "<group>"; };
		5A07ACA41C2FAF1B00849FDD /* PaymentProcessor.m */ = {isa = PBXFileReference; fileEncoding = 4; lastKnownFileType = sourcecode.c.objc; path = PaymentProcessor.m; sourceTree = "<group>"; };
		5A07ACA81C2FAF1B00849FDD /* PayPal.h */ = {isa = PBXFileReference; fileEncoding = 4; lastKnownFileType = sourcecode.c.h; path = PayPal.h; sourceTree = "<group>"; };
		5A07ACA91C2FAF1B00849FDD /* PayPal.m */ = {isa = PBXFileReference; fileEncoding = 4; lastKnownFileType = sourcecode.c.objc; path = PayPal.m; sourceTree = "<group>"; };
		5A07ACC11C2FAF3900849FDD /* StarIO.framework */ = {isa = PBXFileReference; lastKnownFileType = wrapper.framework; path = StarIO.framework; sourceTree = "<group>"; };
		5A34F11C1CEED60A00FC8C4B /* RCTCameraRoll.xcodeproj */ = {isa = PBXFileReference; lastKnownFileType = "wrapper.pb-project"; name = RCTCameraRoll.xcodeproj; path = "../node_modules/react-native/Libraries/CameraRoll/RCTCameraRoll.xcodeproj"; sourceTree = "<group>"; };
		5A991ADF1C3CA16E003D458C /* CardReaders.m */ = {isa = PBXFileReference; fileEncoding = 4; lastKnownFileType = sourcecode.c.objc; path = CardReaders.m; sourceTree = "<group>"; };
		5A991AE01C3CA16E003D458C /* CardReaders.h */ = {isa = PBXFileReference; fileEncoding = 4; lastKnownFileType = sourcecode.c.h; path = CardReaders.h; sourceTree = "<group>"; };
		5AA30EB21CB5D7E600B6A77F /* Utils.h */ = {isa = PBXFileReference; fileEncoding = 4; lastKnownFileType = sourcecode.c.h; name = Utils.h; path = ../../../../Shared/ios/Utils.h; sourceTree = "<group>"; };
		5AA30EB31CB5D7E600B6A77F /* Utils.m */ = {isa = PBXFileReference; fileEncoding = 4; lastKnownFileType = sourcecode.c.objc; name = Utils.m; path = ../../../../Shared/ios/Utils.m; sourceTree = "<group>"; };
		5E8C4ED92BA244278C5ACC62 /* FontAwesome.ttf */ = {isa = PBXFileReference; explicitFileType = undefined; fileEncoding = 0; includeInIndex = 0; lastKnownFileType = unknown; name = FontAwesome.ttf; path = "../node_modules/react-native-vector-icons/Fonts/FontAwesome.ttf"; sourceTree = "<group>"; };
		737E90A7DB5A4075A67DF001 /* libRNDeviceInfo.a */ = {isa = PBXFileReference; explicitFileType = undefined; fileEncoding = 9; includeInIndex = 0; lastKnownFileType = archive.ar; path = libRNDeviceInfo.a; sourceTree = "<group>"; };
		762F946F1DC2ADF000C4FA26 /* Braintree.h */ = {isa = PBXFileReference; fileEncoding = 4; lastKnownFileType = sourcecode.c.h; name = Braintree.h; path = ../../../../Shared/ios/Braintree.h; sourceTree = "<group>"; };
		762F94701DC2ADF000C4FA26 /* Braintree.m */ = {isa = PBXFileReference; fileEncoding = 4; lastKnownFileType = sourcecode.c.objc; name = Braintree.m; path = ../../../../Shared/ios/Braintree.m; sourceTree = "<group>"; };
		762F961D1DFC6A2B006118B1 /* ART.xcodeproj */ = {isa = PBXFileReference; lastKnownFileType = "wrapper.pb-project"; name = ART.xcodeproj; path = "../node_modules/react-native/Libraries/ART/ART.xcodeproj"; sourceTree = "<group>"; };
		7630BDB61DE4A45A0034E779 /* CertUtils.m */ = {isa = PBXFileReference; fileEncoding = 4; lastKnownFileType = sourcecode.c.objc; name = CertUtils.m; path = ../../../../Shared/ios/CertUtils.m; sourceTree = "<group>"; };
		7630BDB71DE4A45A0034E779 /* CertUtils.h */ = {isa = PBXFileReference; fileEncoding = 4; lastKnownFileType = sourcecode.c.h; name = CertUtils.h; path = ../../../../Shared/ios/CertUtils.h; sourceTree = "<group>"; };
		766E2DE81D8284DA007DFA8B /* signed_cert.der */ = {isa = PBXFileReference; lastKnownFileType = file; name = signed_cert.der; path = ../../Shared/signed_cert.der; sourceTree = "<group>"; };
		767621121E53565E00175898 /* SquareRegister.m */ = {isa = PBXFileReference; fileEncoding = 4; lastKnownFileType = sourcecode.c.objc; name = SquareRegister.m; path = kakee/square/SquareRegister.m; sourceTree = "<group>"; };
		767621131E53565E00175898 /* SquareRegister.h */ = {isa = PBXFileReference; fileEncoding = 4; lastKnownFileType = sourcecode.c.h; name = SquareRegister.h; path = kakee/square/SquareRegister.h; sourceTree = "<group>"; };
		78C398B01ACF4ADC00677621 /* RCTLinking.xcodeproj */ = {isa = PBXFileReference; lastKnownFileType = "wrapper.pb-project"; name = RCTLinking.xcodeproj; path = "../node_modules/react-native/Libraries/LinkingIOS/RCTLinking.xcodeproj"; sourceTree = "<group>"; };
		7C1FA8D2786E449EABFC4155 /* RNDeviceInfo.xcodeproj */ = {isa = PBXFileReference; explicitFileType = undefined; fileEncoding = 9; includeInIndex = 0; lastKnownFileType = "wrapper.pb-project"; name = RNDeviceInfo.xcodeproj; path = "../node_modules/react-native-device-info/RNDeviceInfo.xcodeproj"; sourceTree = "<group>"; };
		7C9D28B4762047B0B785CBEC /* Ionicons.ttf */ = {isa = PBXFileReference; explicitFileType = undefined; fileEncoding = 0; includeInIndex = 0; lastKnownFileType = unknown; name = Ionicons.ttf; path = "../node_modules/react-native-vector-icons/Fonts/Ionicons.ttf"; sourceTree = "<group>"; };
		815C05D3B6C84E93ABEEB6DC /* Octicons.ttf */ = {isa = PBXFileReference; explicitFileType = undefined; fileEncoding = 0; includeInIndex = 0; lastKnownFileType = unknown; name = Octicons.ttf; path = "../node_modules/react-native-vector-icons/Fonts/Octicons.ttf"; sourceTree = "<group>"; };
		832341B01AAA6A8300B99B32 /* RCTText.xcodeproj */ = {isa = PBXFileReference; lastKnownFileType = "wrapper.pb-project"; name = RCTText.xcodeproj; path = "../node_modules/react-native/Libraries/Text/RCTText.xcodeproj"; sourceTree = "<group>"; };
		8CA3D3A15A664DA6ACF0B5AA /* AirMaps.xcodeproj */ = {isa = PBXFileReference; explicitFileType = undefined; fileEncoding = 0; includeInIndex = 0; lastKnownFileType = "wrapper.pb-project"; name = AirMaps.xcodeproj; path = "../node_modules/react-native-maps/ios/AirMaps.xcodeproj"; sourceTree = "<group>"; };
		93A59A78036B4A80A36D1171 /* libRealmReact.a */ = {isa = PBXFileReference; explicitFileType = undefined; fileEncoding = 0; includeInIndex = 0; lastKnownFileType = archive.ar; path = libRealmReact.a; sourceTree = "<group>"; };
		AB1E65B6A38D4AD6B9681668 /* Entypo.ttf */ = {isa = PBXFileReference; explicitFileType = undefined; fileEncoding = 0; includeInIndex = 0; lastKnownFileType = unknown; name = Entypo.ttf; path = "../node_modules/react-native-vector-icons/Fonts/Entypo.ttf"; sourceTree = "<group>"; };
		C0207F445F9F450594DEEE49 /* Foundation.ttf */ = {isa = PBXFileReference; explicitFileType = undefined; fileEncoding = 0; includeInIndex = 0; lastKnownFileType = unknown; name = Foundation.ttf; path = "../node_modules/react-native-vector-icons/Fonts/Foundation.ttf"; sourceTree = "<group>"; };
		C0525D1FA88C4F0387C51E81 /* libz.tbd */ = {isa = PBXFileReference; explicitFileType = undefined; fileEncoding = 0; includeInIndex = 0; lastKnownFileType = "sourcecode.text-based-dylib-definition"; name = libz.tbd; path = usr/lib/libz.tbd; sourceTree = SDKROOT; };
		C6338395C33243D29C55E683 /* libAirMaps.a */ = {isa = PBXFileReference; explicitFileType = undefined; fileEncoding = 0; includeInIndex = 0; lastKnownFileType = archive.ar; path = libAirMaps.a; sourceTree = "<group>"; };
		D0B0688C9162D7E20CE50B3B /* Pods-kakee.debug.xcconfig */ = {isa = PBXFileReference; includeInIndex = 1; lastKnownFileType = text.xcconfig; name = "Pods-kakee.debug.xcconfig"; path = "Pods/Target Support Files/Pods-kakee/Pods-kakee.debug.xcconfig"; sourceTree = "<group>"; };
		DA9E087B91EA415DAA6C86C8 /* RNVectorIcons.xcodeproj */ = {isa = PBXFileReference; explicitFileType = undefined; fileEncoding = 0; includeInIndex = 0; lastKnownFileType = "wrapper.pb-project"; name = RNVectorIcons.xcodeproj; path = "../node_modules/react-native-vector-icons/RNVectorIcons.xcodeproj"; sourceTree = "<group>"; };
		E16E989FCC9BDA3A814D77BD /* libPods-kakee.a */ = {isa = PBXFileReference; explicitFileType = archive.ar; includeInIndex = 0; path = "libPods-kakee.a"; sourceTree = BUILT_PRODUCTS_DIR; };
		F8CC52A557FC42EBAE3A99D2 /* Zocial.ttf */ = {isa = PBXFileReference; explicitFileType = undefined; fileEncoding = 0; includeInIndex = 0; lastKnownFileType = unknown; name = Zocial.ttf; path = "../node_modules/react-native-vector-icons/Fonts/Zocial.ttf"; sourceTree = "<group>"; };
		F92FF704151A4B988F71E7C7 /* libRNVectorIcons.a */ = {isa = PBXFileReference; explicitFileType = undefined; fileEncoding = 0; includeInIndex = 0; lastKnownFileType = archive.ar; path = libRNVectorIcons.a; sourceTree = "<group>"; };
/* End PBXFileReference section */

/* Begin PBXFrameworksBuildPhase section */
		00E356EB1AD99517003FC87E /* Frameworks */ = {
			isa = PBXFrameworksBuildPhase;
			buildActionMask = 2147483647;
			files = (
				5AF68B311CF9EEC3000BD9BB /* libReact.a in Frameworks */,
			);
			runOnlyForDeploymentPostprocessing = 0;
		};
		13B07F8C1A680F5B00A75B9A /* Frameworks */ = {
			isa = PBXFrameworksBuildPhase;
			buildActionMask = 2147483647;
			files = (
				762F96321DFC6AA1006118B1 /* libART.a in Frameworks */,
				146834051AC3E58100842450 /* libReact.a in Frameworks */,
				00C302E51ABCBA2D00DB3ED1 /* libRCTActionSheet.a in Frameworks */,
				00C302E71ABCBA2D00DB3ED1 /* libRCTGeolocation.a in Frameworks */,
				00C302E81ABCBA2D00DB3ED1 /* libRCTImage.a in Frameworks */,
				133E29F31AD74F7200F7D852 /* libRCTLinking.a in Frameworks */,
				00C302E91ABCBA2D00DB3ED1 /* libRCTNetwork.a in Frameworks */,
				139105C61AF99C1200B5F7CC /* libRCTSettings.a in Frameworks */,
				832341BD1AAA6AB300B99B32 /* libRCTText.a in Frameworks */,
				00C302EA1ABCBA2D00DB3ED1 /* libRCTVibration.a in Frameworks */,
				139FDEF61B0652A700C62182 /* libRCTWebSocket.a in Frameworks */,
				5A34F12F1CEED62B00FC8C4B /* libRCTCameraRoll.a in Frameworks */,
				5A07ACC21C2FAF3900849FDD /* StarIO.framework in Frameworks */,
				AB39707708E74685AC084790 /* libRealmReact.a in Frameworks */,
				21FF6FD7491A49648D225976 /* libc++.tbd in Frameworks */,
				8FBD7F094DF34F269BC7D735 /* libz.tbd in Frameworks */,
				A12C0FBD6184417DB4C5239E /* libRNVectorIcons.a in Frameworks */,
				4472D5BF6DA24982A9FA5134 /* libAirMaps.a in Frameworks */,
				48327E91D941C6B316359EC5 /* libPods-kakee.a in Frameworks */,
				66E78077F1F34B48A0EB608E /* libRNDeviceInfo.a in Frameworks */,
			);
			runOnlyForDeploymentPostprocessing = 0;
		};
/* End PBXFrameworksBuildPhase section */

/* Begin PBXGroup section */
		00C302A81ABCB8CE00DB3ED1 /* Products */ = {
			isa = PBXGroup;
			children = (
				00C302AC1ABCB8CE00DB3ED1 /* libRCTActionSheet.a */,
			);
			name = Products;
			sourceTree = "<group>";
		};
		00C302B61ABCB90400DB3ED1 /* Products */ = {
			isa = PBXGroup;
			children = (
				00C302BA1ABCB90400DB3ED1 /* libRCTGeolocation.a */,
			);
			name = Products;
			sourceTree = "<group>";
		};
		00C302BC1ABCB91800DB3ED1 /* Products */ = {
			isa = PBXGroup;
			children = (
				00C302C01ABCB91800DB3ED1 /* libRCTImage.a */,
			);
			name = Products;
			sourceTree = "<group>";
		};
		00C302D41ABCB9D200DB3ED1 /* Products */ = {
			isa = PBXGroup;
			children = (
				00C302DC1ABCB9D200DB3ED1 /* libRCTNetwork.a */,
			);
			name = Products;
			sourceTree = "<group>";
		};
		00C302E01ABCB9EE00DB3ED1 /* Products */ = {
			isa = PBXGroup;
			children = (
				00C302E41ABCB9EE00DB3ED1 /* libRCTVibration.a */,
			);
			name = Products;
			sourceTree = "<group>";
		};
		00E356EF1AD99517003FC87E /* kakeeTests */ = {
			isa = PBXGroup;
			children = (
				00E356F21AD99517003FC87E /* kakeeTests.m */,
				00E356F01AD99517003FC87E /* Supporting Files */,
			);
			path = kakeeTests;
			sourceTree = "<group>";
		};
		00E356F01AD99517003FC87E /* Supporting Files */ = {
			isa = PBXGroup;
			children = (
				00E356F11AD99517003FC87E /* Info.plist */,
			);
			name = "Supporting Files";
			sourceTree = "<group>";
		};
		139105B71AF99BAD00B5F7CC /* Products */ = {
			isa = PBXGroup;
			children = (
				139105C11AF99BAD00B5F7CC /* libRCTSettings.a */,
			);
			name = Products;
			sourceTree = "<group>";
		};
		139FDEE71B06529A00C62182 /* Products */ = {
			isa = PBXGroup;
			children = (
				139FDEF41B06529B00C62182 /* libRCTWebSocket.a */,
			);
			name = Products;
			sourceTree = "<group>";
		};
		13B07FAE1A68108700A75B9A /* kakee */ = {
			isa = PBXGroup;
			children = (
				767621011E53563D00175898 /* square */,
				008F07F21AC5B25A0029DE68 /* main.jsbundle */,
				5A07AC9C1C2FAF1B00849FDD /* printers */,
				5A07ACA21C2FAF1B00849FDD /* bridge */,
				5A07ACA51C2FAF1B00849FDD /* paypal */,
				13B07FAF1A68108700A75B9A /* AppDelegate.h */,
				13B07FB01A68108700A75B9A /* AppDelegate.m */,
				13B07FB51A68108700A75B9A /* Images.xcassets */,
				13B07FB61A68108700A75B9A /* Info.plist */,
				13B07FB11A68108700A75B9A /* LaunchScreen.xib */,
				13B07FB71A68108700A75B9A /* main.m */,
			);
			name = kakee;
			sourceTree = "<group>";
		};
		146834001AC3E56700842450 /* Products */ = {
			isa = PBXGroup;
			children = (
				146834041AC3E56700842450 /* libReact.a */,
			);
			name = Products;
			sourceTree = "<group>";
		};
		5A07AC9C1C2FAF1B00849FDD /* printers */ = {
			isa = PBXGroup;
			children = (
				5A07AC9D1C2FAF1B00849FDD /* Printers.h */,
				5A07AC9E1C2FAF1B00849FDD /* Printers.m */,
				5A07AC9F1C2FAF1B00849FDD /* starm */,
			);
			name = printers;
			path = kakee/printers;
			sourceTree = "<group>";
		};
		5A07AC9F1C2FAF1B00849FDD /* starm */ = {
			isa = PBXGroup;
			children = (
				5A07ACA01C2FAF1B00849FDD /* DotMatrixPrinter.h */,
				5A07ACA11C2FAF1B00849FDD /* DotMatrixPrinter.m */,
			);
			path = starm;
			sourceTree = "<group>";
		};
		5A07ACA21C2FAF1B00849FDD /* bridge */ = {
			isa = PBXGroup;
			children = (
				7630BDB61DE4A45A0034E779 /* CertUtils.m */,
				7630BDB71DE4A45A0034E779 /* CertUtils.h */,
				5AA30EB21CB5D7E600B6A77F /* Utils.h */,
				5AA30EB31CB5D7E600B6A77F /* Utils.m */,
				5A07ACA31C2FAF1B00849FDD /* PaymentProcessor.h */,
				5A07ACA41C2FAF1B00849FDD /* PaymentProcessor.m */,
			);
			name = bridge;
			path = kakee/bridge;
			sourceTree = "<group>";
		};
		5A07ACA51C2FAF1B00849FDD /* paypal */ = {
			isa = PBXGroup;
			children = (
				762F946F1DC2ADF000C4FA26 /* Braintree.h */,
				762F94701DC2ADF000C4FA26 /* Braintree.m */,
				5A991ADF1C3CA16E003D458C /* CardReaders.m */,
				5A991AE01C3CA16E003D458C /* CardReaders.h */,
				5A07ACA81C2FAF1B00849FDD /* PayPal.h */,
				5A07ACA91C2FAF1B00849FDD /* PayPal.m */,
			);
			name = paypal;
			path = kakee/paypal;
			sourceTree = "<group>";
		};
		5A34F11D1CEED60A00FC8C4B /* Products */ = {
			isa = PBXGroup;
			children = (
				5A34F1231CEED60A00FC8C4B /* libRCTCameraRoll.a */,
			);
			name = Products;
			sourceTree = "<group>";
		};
		5A4157201CCA80350049A1CE /* Products */ = {
			isa = PBXGroup;
			children = (
				5A4157241CCA80350049A1CE /* libAirMaps.a */,
			);
			name = Products;
			sourceTree = "<group>";
		};
		5ADEA32E1CAB7ABB00C800B1 /* Products */ = {
			isa = PBXGroup;
			children = (
				5ADEA33D1CAB7ABB00C800B1 /* libRealmReact.a */,
			);
			name = Products;
			sourceTree = "<group>";
		};
		5AE479051CB719C0001E4DDA /* Products */ = {
			isa = PBXGroup;
			children = (
				5AE479141CB719C0001E4DDA /* libRNVectorIcons.a */,
			);
			name = Products;
			sourceTree = "<group>";
		};
		762F961E1DFC6A2B006118B1 /* Products */ = {
			isa = PBXGroup;
			children = (
				762F96231DFC6A2B006118B1 /* libART.a */,
			);
			name = Products;
			sourceTree = "<group>";
		};
		767621011E53563D00175898 /* square */ = {
			isa = PBXGroup;
			children = (
				767621121E53565E00175898 /* SquareRegister.m */,
				767621131E53565E00175898 /* SquareRegister.h */,
			);
			name = square;
			sourceTree = "<group>";
		};
		7698F2DE1D835DA50032A81A /* Products */ = {
			isa = PBXGroup;
			children = (
				7698F2EF1D835DA50032A81A /* libRNDeviceInfo.a */,
			);
			name = Products;
			sourceTree = "<group>";
		};
		78C398B11ACF4ADC00677621 /* Products */ = {
			isa = PBXGroup;
			children = (
				78C398B91ACF4ADC00677621 /* libRCTLinking.a */,
			);
			name = Products;
			sourceTree = "<group>";
		};
		832341AE1AAA6A7D00B99B32 /* Libraries */ = {
			isa = PBXGroup;
			children = (
				762F961D1DFC6A2B006118B1 /* ART.xcodeproj */,
				5A34F11C1CEED60A00FC8C4B /* RCTCameraRoll.xcodeproj */,
				5A07ACC11C2FAF3900849FDD /* StarIO.framework */,
				146833FF1AC3E56700842450 /* React.xcodeproj */,
				00C302A71ABCB8CE00DB3ED1 /* RCTActionSheet.xcodeproj */,
				00C302B51ABCB90400DB3ED1 /* RCTGeolocation.xcodeproj */,
				00C302BB1ABCB91800DB3ED1 /* RCTImage.xcodeproj */,
				78C398B01ACF4ADC00677621 /* RCTLinking.xcodeproj */,
				00C302D31ABCB9D200DB3ED1 /* RCTNetwork.xcodeproj */,
				139105B61AF99BAD00B5F7CC /* RCTSettings.xcodeproj */,
				832341B01AAA6A8300B99B32 /* RCTText.xcodeproj */,
				00C302DF1ABCB9EE00DB3ED1 /* RCTVibration.xcodeproj */,
				139FDEE61B06529A00C62182 /* RCTWebSocket.xcodeproj */,
				37CE38260DCA45428A75ED38 /* RealmReact.xcodeproj */,
				DA9E087B91EA415DAA6C86C8 /* RNVectorIcons.xcodeproj */,
				8CA3D3A15A664DA6ACF0B5AA /* AirMaps.xcodeproj */,
				7C1FA8D2786E449EABFC4155 /* RNDeviceInfo.xcodeproj */,
			);
			name = Libraries;
			sourceTree = "<group>";
		};
		832341B11AAA6A8300B99B32 /* Products */ = {
			isa = PBXGroup;
			children = (
				832341B51AAA6A8300B99B32 /* libRCTText.a */,
			);
			name = Products;
			sourceTree = "<group>";
		};
		83CBB9F61A601CBA00E9B192 = {
			isa = PBXGroup;
			children = (
				766E2DE81D8284DA007DFA8B /* signed_cert.der */,
				13B07FAE1A68108700A75B9A /* kakee */,
				832341AE1AAA6A7D00B99B32 /* Libraries */,
				00E356EF1AD99517003FC87E /* kakeeTests */,
				83CBBA001A601CBA00E9B192 /* Products */,
				BF34A532791AF892C79FCC42 /* Frameworks */,
				E30DBC3A941D404092BA25DA /* Resources */,
				C25D297E9F2D1BAFB81FA11A /* Pods */,
			);
			indentWidth = 2;
			sourceTree = "<group>";
			tabWidth = 2;
		};
		83CBBA001A601CBA00E9B192 /* Products */ = {
			isa = PBXGroup;
			children = (
				13B07F961A680F5B00A75B9A /* kakee.app */,
				00E356EE1AD99517003FC87E /* kakeeTests.xctest */,
			);
			name = Products;
			sourceTree = "<group>";
		};
		BF34A532791AF892C79FCC42 /* Frameworks */ = {
			isa = PBXGroup;
			children = (
				429ADFF3664D4A11A0094DE1 /* libc++.tbd */,
				C0525D1FA88C4F0387C51E81 /* libz.tbd */,
				E16E989FCC9BDA3A814D77BD /* libPods-kakee.a */,
			);
			name = Frameworks;
			sourceTree = "<group>";
		};
		C25D297E9F2D1BAFB81FA11A /* Pods */ = {
			isa = PBXGroup;
			children = (
				D0B0688C9162D7E20CE50B3B /* Pods-kakee.debug.xcconfig */,
				3B0D4880F3C1CA082BD6C8DC /* Pods-kakee.release.xcconfig */,
			);
			name = Pods;
			sourceTree = "<group>";
		};
		E30DBC3A941D404092BA25DA /* Resources */ = {
			isa = PBXGroup;
			children = (
				AB1E65B6A38D4AD6B9681668 /* Entypo.ttf */,
				4F7F44B8DBDA492FB36F7EDD /* EvilIcons.ttf */,
				5E8C4ED92BA244278C5ACC62 /* FontAwesome.ttf */,
				C0207F445F9F450594DEEE49 /* Foundation.ttf */,
				7C9D28B4762047B0B785CBEC /* Ionicons.ttf */,
				389F2A8C57D947B48EC45B83 /* MaterialIcons.ttf */,
				815C05D3B6C84E93ABEEB6DC /* Octicons.ttf */,
				F8CC52A557FC42EBAE3A99D2 /* Zocial.ttf */,
			);
			name = Resources;
			sourceTree = "<group>";
		};
/* End PBXGroup section */

/* Begin PBXNativeTarget section */
		00E356ED1AD99517003FC87E /* kakeeTests */ = {
			isa = PBXNativeTarget;
			buildConfigurationList = 00E357021AD99517003FC87E /* Build configuration list for PBXNativeTarget "kakeeTests" */;
			buildPhases = (
				00E356EA1AD99517003FC87E /* Sources */,
				00E356EB1AD99517003FC87E /* Frameworks */,
				00E356EC1AD99517003FC87E /* Resources */,
			);
			buildRules = (
			);
			dependencies = (
				00E356F51AD99517003FC87E /* PBXTargetDependency */,
			);
			name = kakeeTests;
			productName = kakeeTests;
			productReference = 00E356EE1AD99517003FC87E /* kakeeTests.xctest */;
			productType = "com.apple.product-type.bundle.unit-test";
		};
		13B07F861A680F5B00A75B9A /* kakee */ = {
			isa = PBXNativeTarget;
			buildConfigurationList = 13B07F931A680F5B00A75B9A /* Build configuration list for PBXNativeTarget "kakee" */;
			buildPhases = (
				9DC851429259CBD3BEC5A857 /* [CP] Check Pods Manifest.lock */,
				13B07F871A680F5B00A75B9A /* Sources */,
				13B07F8C1A680F5B00A75B9A /* Frameworks */,
				13B07F8E1A680F5B00A75B9A /* Resources */,
				00DD1BFF1BD5951E006B06BC /* Bundle React Native code and images */,
				0966585D0753EE51EA3F524F /* [CP] Embed Pods Frameworks */,
				F925512C8DDAB958DC283E61 /* [CP] Copy Pods Resources */,
			);
			buildRules = (
			);
			dependencies = (
			);
			name = kakee;
			productName = "Hello World";
			productReference = 13B07F961A680F5B00A75B9A /* kakee.app */;
			productType = "com.apple.product-type.application";
		};
/* End PBXNativeTarget section */

/* Begin PBXProject section */
		83CBB9F71A601CBA00E9B192 /* Project object */ = {
			isa = PBXProject;
			attributes = {
				LastUpgradeCheck = 610;
				ORGANIZATIONNAME = Facebook;
				TargetAttributes = {
					00E356ED1AD99517003FC87E = {
						CreatedOnToolsVersion = 6.2;
						TestTargetID = 13B07F861A680F5B00A75B9A;
					};
					13B07F861A680F5B00A75B9A = {
						DevelopmentTeam = VW8GDU36R5;
					};
				};
			};
			buildConfigurationList = 83CBB9FA1A601CBA00E9B192 /* Build configuration list for PBXProject "kakee" */;
			compatibilityVersion = "Xcode 3.2";
			developmentRegion = English;
			hasScannedForEncodings = 0;
			knownRegions = (
				en,
				Base,
			);
			mainGroup = 83CBB9F61A601CBA00E9B192;
			productRefGroup = 83CBBA001A601CBA00E9B192 /* Products */;
			projectDirPath = "";
			projectReferences = (
				{
					ProductGroup = 5A4157201CCA80350049A1CE /* Products */;
					ProjectRef = 8CA3D3A15A664DA6ACF0B5AA /* AirMaps.xcodeproj */;
				},
				{
					ProductGroup = 762F961E1DFC6A2B006118B1 /* Products */;
					ProjectRef = 762F961D1DFC6A2B006118B1 /* ART.xcodeproj */;
				},
				{
					ProductGroup = 00C302A81ABCB8CE00DB3ED1 /* Products */;
					ProjectRef = 00C302A71ABCB8CE00DB3ED1 /* RCTActionSheet.xcodeproj */;
				},
				{
					ProductGroup = 5A34F11D1CEED60A00FC8C4B /* Products */;
					ProjectRef = 5A34F11C1CEED60A00FC8C4B /* RCTCameraRoll.xcodeproj */;
				},
				{
					ProductGroup = 00C302B61ABCB90400DB3ED1 /* Products */;
					ProjectRef = 00C302B51ABCB90400DB3ED1 /* RCTGeolocation.xcodeproj */;
				},
				{
					ProductGroup = 00C302BC1ABCB91800DB3ED1 /* Products */;
					ProjectRef = 00C302BB1ABCB91800DB3ED1 /* RCTImage.xcodeproj */;
				},
				{
					ProductGroup = 78C398B11ACF4ADC00677621 /* Products */;
					ProjectRef = 78C398B01ACF4ADC00677621 /* RCTLinking.xcodeproj */;
				},
				{
					ProductGroup = 00C302D41ABCB9D200DB3ED1 /* Products */;
					ProjectRef = 00C302D31ABCB9D200DB3ED1 /* RCTNetwork.xcodeproj */;
				},
				{
					ProductGroup = 139105B71AF99BAD00B5F7CC /* Products */;
					ProjectRef = 139105B61AF99BAD00B5F7CC /* RCTSettings.xcodeproj */;
				},
				{
					ProductGroup = 832341B11AAA6A8300B99B32 /* Products */;
					ProjectRef = 832341B01AAA6A8300B99B32 /* RCTText.xcodeproj */;
				},
				{
					ProductGroup = 00C302E01ABCB9EE00DB3ED1 /* Products */;
					ProjectRef = 00C302DF1ABCB9EE00DB3ED1 /* RCTVibration.xcodeproj */;
				},
				{
					ProductGroup = 139FDEE71B06529A00C62182 /* Products */;
					ProjectRef = 139FDEE61B06529A00C62182 /* RCTWebSocket.xcodeproj */;
				},
				{
					ProductGroup = 146834001AC3E56700842450 /* Products */;
					ProjectRef = 146833FF1AC3E56700842450 /* React.xcodeproj */;
				},
				{
					ProductGroup = 5ADEA32E1CAB7ABB00C800B1 /* Products */;
					ProjectRef = 37CE38260DCA45428A75ED38 /* RealmReact.xcodeproj */;
				},
				{
					ProductGroup = 7698F2DE1D835DA50032A81A /* Products */;
					ProjectRef = 7C1FA8D2786E449EABFC4155 /* RNDeviceInfo.xcodeproj */;
				},
				{
					ProductGroup = 5AE479051CB719C0001E4DDA /* Products */;
					ProjectRef = DA9E087B91EA415DAA6C86C8 /* RNVectorIcons.xcodeproj */;
				},
			);
			projectRoot = "";
			targets = (
				13B07F861A680F5B00A75B9A /* kakee */,
				00E356ED1AD99517003FC87E /* kakeeTests */,
			);
		};
/* End PBXProject section */

/* Begin PBXReferenceProxy section */
		00C302AC1ABCB8CE00DB3ED1 /* libRCTActionSheet.a */ = {
			isa = PBXReferenceProxy;
			fileType = archive.ar;
			path = libRCTActionSheet.a;
			remoteRef = 00C302AB1ABCB8CE00DB3ED1 /* PBXContainerItemProxy */;
			sourceTree = BUILT_PRODUCTS_DIR;
		};
		00C302BA1ABCB90400DB3ED1 /* libRCTGeolocation.a */ = {
			isa = PBXReferenceProxy;
			fileType = archive.ar;
			path = libRCTGeolocation.a;
			remoteRef = 00C302B91ABCB90400DB3ED1 /* PBXContainerItemProxy */;
			sourceTree = BUILT_PRODUCTS_DIR;
		};
		00C302C01ABCB91800DB3ED1 /* libRCTImage.a */ = {
			isa = PBXReferenceProxy;
			fileType = archive.ar;
			path = libRCTImage.a;
			remoteRef = 00C302BF1ABCB91800DB3ED1 /* PBXContainerItemProxy */;
			sourceTree = BUILT_PRODUCTS_DIR;
		};
		00C302DC1ABCB9D200DB3ED1 /* libRCTNetwork.a */ = {
			isa = PBXReferenceProxy;
			fileType = archive.ar;
			path = libRCTNetwork.a;
			remoteRef = 00C302DB1ABCB9D200DB3ED1 /* PBXContainerItemProxy */;
			sourceTree = BUILT_PRODUCTS_DIR;
		};
		00C302E41ABCB9EE00DB3ED1 /* libRCTVibration.a */ = {
			isa = PBXReferenceProxy;
			fileType = archive.ar;
			path = libRCTVibration.a;
			remoteRef = 00C302E31ABCB9EE00DB3ED1 /* PBXContainerItemProxy */;
			sourceTree = BUILT_PRODUCTS_DIR;
		};
		139105C11AF99BAD00B5F7CC /* libRCTSettings.a */ = {
			isa = PBXReferenceProxy;
			fileType = archive.ar;
			path = libRCTSettings.a;
			remoteRef = 139105C01AF99BAD00B5F7CC /* PBXContainerItemProxy */;
			sourceTree = BUILT_PRODUCTS_DIR;
		};
		139FDEF41B06529B00C62182 /* libRCTWebSocket.a */ = {
			isa = PBXReferenceProxy;
			fileType = archive.ar;
			path = libRCTWebSocket.a;
			remoteRef = 139FDEF31B06529B00C62182 /* PBXContainerItemProxy */;
			sourceTree = BUILT_PRODUCTS_DIR;
		};
		146834041AC3E56700842450 /* libReact.a */ = {
			isa = PBXReferenceProxy;
			fileType = archive.ar;
			path = libReact.a;
			remoteRef = 146834031AC3E56700842450 /* PBXContainerItemProxy */;
			sourceTree = BUILT_PRODUCTS_DIR;
		};
		5A34F1231CEED60A00FC8C4B /* libRCTCameraRoll.a */ = {
			isa = PBXReferenceProxy;
			fileType = archive.ar;
			path = libRCTCameraRoll.a;
			remoteRef = 5A34F1221CEED60A00FC8C4B /* PBXContainerItemProxy */;
			sourceTree = BUILT_PRODUCTS_DIR;
		};
		5A4157241CCA80350049A1CE /* libAirMaps.a */ = {
			isa = PBXReferenceProxy;
			fileType = archive.ar;
			path = libAirMaps.a;
			remoteRef = 5A4157231CCA80350049A1CE /* PBXContainerItemProxy */;
			sourceTree = BUILT_PRODUCTS_DIR;
		};
		5ADEA33D1CAB7ABB00C800B1 /* libRealmReact.a */ = {
			isa = PBXReferenceProxy;
			fileType = archive.ar;
			path = libRealmReact.a;
			remoteRef = 5ADEA33C1CAB7ABB00C800B1 /* PBXContainerItemProxy */;
			sourceTree = BUILT_PRODUCTS_DIR;
		};
		5AE479141CB719C0001E4DDA /* libRNVectorIcons.a */ = {
			isa = PBXReferenceProxy;
			fileType = archive.ar;
			path = libRNVectorIcons.a;
			remoteRef = 5AE479131CB719C0001E4DDA /* PBXContainerItemProxy */;
			sourceTree = BUILT_PRODUCTS_DIR;
		};
		762F96231DFC6A2B006118B1 /* libART.a */ = {
			isa = PBXReferenceProxy;
			fileType = archive.ar;
			path = libART.a;
			remoteRef = 762F96221DFC6A2B006118B1 /* PBXContainerItemProxy */;
			sourceTree = BUILT_PRODUCTS_DIR;
		};
		7698F2EF1D835DA50032A81A /* libRNDeviceInfo.a */ = {
			isa = PBXReferenceProxy;
			fileType = archive.ar;
			path = libRNDeviceInfo.a;
			remoteRef = 7698F2EE1D835DA50032A81A /* PBXContainerItemProxy */;
			sourceTree = BUILT_PRODUCTS_DIR;
		};
		78C398B91ACF4ADC00677621 /* libRCTLinking.a */ = {
			isa = PBXReferenceProxy;
			fileType = archive.ar;
			path = libRCTLinking.a;
			remoteRef = 78C398B81ACF4ADC00677621 /* PBXContainerItemProxy */;
			sourceTree = BUILT_PRODUCTS_DIR;
		};
		832341B51AAA6A8300B99B32 /* libRCTText.a */ = {
			isa = PBXReferenceProxy;
			fileType = archive.ar;
			path = libRCTText.a;
			remoteRef = 832341B41AAA6A8300B99B32 /* PBXContainerItemProxy */;
			sourceTree = BUILT_PRODUCTS_DIR;
		};
/* End PBXReferenceProxy section */

/* Begin PBXResourcesBuildPhase section */
		00E356EC1AD99517003FC87E /* Resources */ = {
			isa = PBXResourcesBuildPhase;
			buildActionMask = 2147483647;
			files = (
			);
			runOnlyForDeploymentPostprocessing = 0;
		};
		13B07F8E1A680F5B00A75B9A /* Resources */ = {
			isa = PBXResourcesBuildPhase;
			buildActionMask = 2147483647;
			files = (
				766E2DE91D8284DA007DFA8B /* signed_cert.der in Resources */,
				13B07FBF1A68108700A75B9A /* Images.xcassets in Resources */,
				13B07FBD1A68108700A75B9A /* LaunchScreen.xib in Resources */,
				B91D252A8EAE4325843C8FF5 /* Entypo.ttf in Resources */,
				68803FDBD9644A9980B82C4A /* EvilIcons.ttf in Resources */,
				CD97CA170260479C872F0950 /* FontAwesome.ttf in Resources */,
				8B01491AE902411CB0E9A109 /* Foundation.ttf in Resources */,
				956872C236FD4116A7EBAC81 /* Ionicons.ttf in Resources */,
				B23736003D6F47AA8D8357C2 /* MaterialIcons.ttf in Resources */,
				40691F13F4B14C5BAC384C6B /* Octicons.ttf in Resources */,
				BC9F97AE89C046E9A58E61FA /* Zocial.ttf in Resources */,
			);
			runOnlyForDeploymentPostprocessing = 0;
		};
/* End PBXResourcesBuildPhase section */

/* Begin PBXShellScriptBuildPhase section */
		00DD1BFF1BD5951E006B06BC /* Bundle React Native code and images */ = {
			isa = PBXShellScriptBuildPhase;
			buildActionMask = 2147483647;
			files = (
			);
			inputPaths = (
			);
			name = "Bundle React Native code and images";
			outputPaths = (
			);
			runOnlyForDeploymentPostprocessing = 0;
			shellPath = /bin/sh;
			shellScript = "export NODE_BINARY=node\n../node_modules/react-native/packager/react-native-xcode.sh";
		};
		0966585D0753EE51EA3F524F /* [CP] Embed Pods Frameworks */ = {
			isa = PBXShellScriptBuildPhase;
			buildActionMask = 2147483647;
			files = (
			);
			inputPaths = (
			);
			name = "[CP] Embed Pods Frameworks";
			outputPaths = (
			);
			runOnlyForDeploymentPostprocessing = 0;
			shellPath = /bin/sh;
			shellScript = "\"${SRCROOT}/Pods/Target Support Files/Pods-kakee/Pods-kakee-frameworks.sh\"\n";
			showEnvVarsInLog = 0;
		};
		9DC851429259CBD3BEC5A857 /* [CP] Check Pods Manifest.lock */ = {
			isa = PBXShellScriptBuildPhase;
			buildActionMask = 2147483647;
			files = (
			);
			inputPaths = (
			);
			name = "[CP] Check Pods Manifest.lock";
			outputPaths = (
			);
			runOnlyForDeploymentPostprocessing = 0;
			shellPath = /bin/sh;
			shellScript = "diff \"${PODS_ROOT}/../Podfile.lock\" \"${PODS_ROOT}/Manifest.lock\" > /dev/null\nif [[ $? != 0 ]] ; then\n    cat << EOM\nerror: The sandbox is not in sync with the Podfile.lock. Run 'pod install' or update your CocoaPods installation.\nEOM\n    exit 1\nfi\n";
			showEnvVarsInLog = 0;
		};
		F925512C8DDAB958DC283E61 /* [CP] Copy Pods Resources */ = {
			isa = PBXShellScriptBuildPhase;
			buildActionMask = 2147483647;
			files = (
			);
			inputPaths = (
			);
			name = "[CP] Copy Pods Resources";
			outputPaths = (
			);
			runOnlyForDeploymentPostprocessing = 0;
			shellPath = /bin/sh;
			shellScript = "\"${SRCROOT}/Pods/Target Support Files/Pods-kakee/Pods-kakee-resources.sh\"\n";
			showEnvVarsInLog = 0;
		};
/* End PBXShellScriptBuildPhase section */

/* Begin PBXSourcesBuildPhase section */
		00E356EA1AD99517003FC87E /* Sources */ = {
			isa = PBXSourcesBuildPhase;
			buildActionMask = 2147483647;
			files = (
				00E356F31AD99517003FC87E /* kakeeTests.m in Sources */,
			);
			runOnlyForDeploymentPostprocessing = 0;
		};
		13B07F871A680F5B00A75B9A /* Sources */ = {
			isa = PBXSourcesBuildPhase;
			buildActionMask = 2147483647;
			files = (
				13B07FBC1A68108700A75B9A /* AppDelegate.m in Sources */,
				5A07ACB31C2FAF1B00849FDD /* DotMatrixPrinter.m in Sources */,
				5A07ACB21C2FAF1B00849FDD /* Printers.m in Sources */,
				5AA30EB41CB5D7E600B6A77F /* Utils.m in Sources */,
				762F94711DC2ADF000C4FA26 /* Braintree.m in Sources */,
				7630BDB81DE4A45A0034E779 /* CertUtils.m in Sources */,
				5A991AE11C3CA16E003D458C /* CardReaders.m in Sources */,
				13B07FC11A68108700A75B9A /* main.m in Sources */,
				767621141E53565E00175898 /* SquareRegister.m in Sources */,
				5A07ACB61C2FAF1B00849FDD /* PayPal.m in Sources */,
				5A07ACB41C2FAF1B00849FDD /* PaymentProcessor.m in Sources */,
			);
			runOnlyForDeploymentPostprocessing = 0;
		};
/* End PBXSourcesBuildPhase section */

/* Begin PBXTargetDependency section */
		00E356F51AD99517003FC87E /* PBXTargetDependency */ = {
			isa = PBXTargetDependency;
			target = 13B07F861A680F5B00A75B9A /* kakee */;
			targetProxy = 00E356F41AD99517003FC87E /* PBXContainerItemProxy */;
		};
/* End PBXTargetDependency section */

/* Begin PBXVariantGroup section */
		13B07FB11A68108700A75B9A /* LaunchScreen.xib */ = {
			isa = PBXVariantGroup;
			children = (
				13B07FB21A68108700A75B9A /* Base */,
			);
			name = LaunchScreen.xib;
			path = kakee;
			sourceTree = "<group>";
		};
/* End PBXVariantGroup section */

/* Begin XCBuildConfiguration section */
		00E356F61AD99517003FC87E /* Debug */ = {
			isa = XCBuildConfiguration;
			buildSettings = {
				BUNDLE_LOADER = "$(TEST_HOST)";
				FRAMEWORK_SEARCH_PATHS = (
					"$(SDKROOT)/Developer/Library/Frameworks",
					"$(inherited)",
				);
				GCC_PREPROCESSOR_DEFINITIONS = (
					"DEBUG=1",
					"$(inherited)",
				);
				INFOPLIST_FILE = kakeeTests/Info.plist;
				IPHONEOS_DEPLOYMENT_TARGET = 8.2;
				LD_RUNPATH_SEARCH_PATHS = "$(inherited) @executable_path/Frameworks @loader_path/Frameworks";
				LIBRARY_SEARCH_PATHS = (
					"$(inherited)",
					"\"$(SRCROOT)/$(TARGET_NAME)\"",
					"\"$(SRCROOT)/$(TARGET_NAME)\"",
				);
				PRODUCT_NAME = "$(TARGET_NAME)";
				TEST_HOST = "$(BUILT_PRODUCTS_DIR)/kakee.app/kakee";
			};
			name = Debug;
		};
		00E356F71AD99517003FC87E /* Release */ = {
			isa = XCBuildConfiguration;
			buildSettings = {
				BUNDLE_LOADER = "$(TEST_HOST)";
				COPY_PHASE_STRIP = NO;
				FRAMEWORK_SEARCH_PATHS = (
					"$(SDKROOT)/Developer/Library/Frameworks",
					"$(inherited)",
				);
				INFOPLIST_FILE = kakeeTests/Info.plist;
				IPHONEOS_DEPLOYMENT_TARGET = 8.2;
				LD_RUNPATH_SEARCH_PATHS = "$(inherited) @executable_path/Frameworks @loader_path/Frameworks";
				LIBRARY_SEARCH_PATHS = (
					"$(inherited)",
					"\"$(SRCROOT)/$(TARGET_NAME)\"",
					"\"$(SRCROOT)/$(TARGET_NAME)\"",
				);
				PRODUCT_NAME = "$(TARGET_NAME)";
				TEST_HOST = "$(BUILT_PRODUCTS_DIR)/kakee.app/kakee";
			};
			name = Release;
		};
		13B07F941A680F5B00A75B9A /* Debug */ = {
			isa = XCBuildConfiguration;
			baseConfigurationReference = D0B0688C9162D7E20CE50B3B /* Pods-kakee.debug.xcconfig */;
			buildSettings = {
				ASSETCATALOG_COMPILER_APPICON_NAME = AppIcon;
				CODE_SIGN_IDENTITY = "iPhone Developer";
				"CODE_SIGN_IDENTITY[sdk=iphoneos*]" = "iPhone Developer";
				DEAD_CODE_STRIPPING = NO;
				ENABLE_BITCODE = NO;
				FRAMEWORK_SEARCH_PATHS = (
					"$(inherited)",
					"$(PROJECT_DIR)",
				);
				HEADER_SEARCH_PATHS = (
					"$(inherited)",
					/Applications/Xcode.app/Contents/Developer/Toolchains/XcodeDefault.xctoolchain/usr/include,
					"$(SRCROOT)/../node_modules/react-native/React/**",
					"$(SRCROOT)/../node_modules/realm/src/**",
					"$(SRCROOT)/../node_modules/react-native-vector-icons/RNVectorIconsManager",
					"$(SRCROOT)/../node_modules/react-native-maps/ios/AirMaps/**",
					"$(SRCROOT)/../node_modules/react-native-device-info/RNDeviceInfo",
				);
				INFOPLIST_FILE = kakee/Info.plist;
				IPHONEOS_DEPLOYMENT_TARGET = 9.0;
				LD_RUNPATH_SEARCH_PATHS = "$(inherited) @executable_path/Frameworks";
				OTHER_LDFLAGS = (
					"-ObjC",
					"-lc++",
					"$(inherited)",
				);
				PRODUCT_BUNDLE_IDENTIFIER = com.tristonetech.kakee.Operator;
				PRODUCT_NAME = kakee;
				PROVISIONING_PROFILE = "cb263794-c91b-4d5b-9a15-e3f6bd34bf36";
				TARGETED_DEVICE_FAMILY = 2;
			};
			name = Debug;
		};
		13B07F951A680F5B00A75B9A /* Release */ = {
			isa = XCBuildConfiguration;
			baseConfigurationReference = 3B0D4880F3C1CA082BD6C8DC /* Pods-kakee.release.xcconfig */;
			buildSettings = {
				ASSETCATALOG_COMPILER_APPICON_NAME = AppIcon;
				CODE_SIGN_IDENTITY = "iPhone Distribution: Tristone Technology, Inc (VW8GDU36R5)";
				"CODE_SIGN_IDENTITY[sdk=iphoneos*]" = "iPhone Distribution: Tristone Technology, Inc (VW8GDU36R5)";
				ENABLE_BITCODE = NO;
				FRAMEWORK_SEARCH_PATHS = (
					"$(inherited)",
					"$(PROJECT_DIR)",
				);
				HEADER_SEARCH_PATHS = (
					"$(inherited)",
					/Applications/Xcode.app/Contents/Developer/Toolchains/XcodeDefault.xctoolchain/usr/include,
					"$(SRCROOT)/../node_modules/react-native/React/**",
					"$(SRCROOT)/../node_modules/realm/src/**",
					"$(SRCROOT)/../node_modules/react-native-vector-icons/RNVectorIconsManager",
					"$(SRCROOT)/../node_modules/react-native-maps/ios/AirMaps/**",
					"$(SRCROOT)/../node_modules/react-native-device-info/RNDeviceInfo",
				);
				INFOPLIST_FILE = kakee/Info.plist;
				IPHONEOS_DEPLOYMENT_TARGET = 9.0;
				LD_RUNPATH_SEARCH_PATHS = "$(inherited) @executable_path/Frameworks";
				OTHER_LDFLAGS = (
					"-ObjC",
					"-lc++",
					"$(inherited)",
				);
				PRODUCT_BUNDLE_IDENTIFIER = com.tristonetech.kakee.Operator;
				PRODUCT_NAME = kakee;
				PROVISIONING_PROFILE = "cb263794-c91b-4d5b-9a15-e3f6bd34bf36";
				TARGETED_DEVICE_FAMILY = 2;
			};
			name = Release;
		};
		83CBBA201A601CBA00E9B192 /* Debug */ = {
			isa = XCBuildConfiguration;
			buildSettings = {
				ALWAYS_SEARCH_USER_PATHS = NO;
				CLANG_CXX_LANGUAGE_STANDARD = "gnu++0x";
				CLANG_CXX_LIBRARY = "libc++";
				CLANG_ENABLE_MODULES = YES;
				CLANG_ENABLE_OBJC_ARC = YES;
				CLANG_WARN_BOOL_CONVERSION = YES;
				CLANG_WARN_CONSTANT_CONVERSION = YES;
				CLANG_WARN_DIRECT_OBJC_ISA_USAGE = YES_ERROR;
				CLANG_WARN_EMPTY_BODY = YES;
				CLANG_WARN_ENUM_CONVERSION = YES;
				CLANG_WARN_INT_CONVERSION = YES;
				CLANG_WARN_OBJC_ROOT_CLASS = YES_ERROR;
				CLANG_WARN_UNREACHABLE_CODE = YES;
				CLANG_WARN__DUPLICATE_METHOD_MATCH = YES;
				"CODE_SIGN_IDENTITY[sdk=iphoneos*]" = "iPhone Developer";
				COPY_PHASE_STRIP = NO;
				ENABLE_STRICT_OBJC_MSGSEND = YES;
				GCC_C_LANGUAGE_STANDARD = gnu99;
				GCC_DYNAMIC_NO_PIC = NO;
				GCC_OPTIMIZATION_LEVEL = 0;
				GCC_PREPROCESSOR_DEFINITIONS = (
					"DEBUG=1",
					"$(inherited)",
				);
				GCC_SYMBOLS_PRIVATE_EXTERN = NO;
				GCC_WARN_64_TO_32_BIT_CONVERSION = YES;
				GCC_WARN_ABOUT_RETURN_TYPE = YES_ERROR;
				GCC_WARN_UNDECLARED_SELECTOR = YES;
				GCC_WARN_UNINITIALIZED_AUTOS = YES_AGGRESSIVE;
				GCC_WARN_UNUSED_FUNCTION = YES;
				GCC_WARN_UNUSED_VARIABLE = YES;
				HEADER_SEARCH_PATHS = (
					"$(inherited)",
					/Applications/Xcode.app/Contents/Developer/Toolchains/XcodeDefault.xctoolchain/usr/include,
					"$(SRCROOT)/../node_modules/react-native/React/**",
					"$(SRCROOT)/../node_modules/realm/src/**",
					"$(SRCROOT)/../node_modules/react-native-vector-icons/RNVectorIconsManager",
					"$(SRCROOT)/../node_modules/react-native-maps/ios/AirMaps/**",
					"$(SRCROOT)/../node_modules/react-native-device-info/RNDeviceInfo",
				);
				IPHONEOS_DEPLOYMENT_TARGET = 8.0;
				MTL_ENABLE_DEBUG_INFO = YES;
				ONLY_ACTIVE_ARCH = YES;
				SDKROOT = iphoneos;
			};
			name = Debug;
		};
		83CBBA211A601CBA00E9B192 /* Release */ = {
			isa = XCBuildConfiguration;
			buildSettings = {
				ALWAYS_SEARCH_USER_PATHS = NO;
				CLANG_CXX_LANGUAGE_STANDARD = "gnu++0x";
				CLANG_CXX_LIBRARY = "libc++";
				CLANG_ENABLE_MODULES = YES;
				CLANG_ENABLE_OBJC_ARC = YES;
				CLANG_WARN_BOOL_CONVERSION = YES;
				CLANG_WARN_CONSTANT_CONVERSION = YES;
				CLANG_WARN_DIRECT_OBJC_ISA_USAGE = YES_ERROR;
				CLANG_WARN_EMPTY_BODY = YES;
				CLANG_WARN_ENUM_CONVERSION = YES;
				CLANG_WARN_INT_CONVERSION = YES;
				CLANG_WARN_OBJC_ROOT_CLASS = YES_ERROR;
				CLANG_WARN_UNREACHABLE_CODE = YES;
				CLANG_WARN__DUPLICATE_METHOD_MATCH = YES;
				"CODE_SIGN_IDENTITY[sdk=iphoneos*]" = "iPhone Developer";
				COPY_PHASE_STRIP = YES;
				ENABLE_NS_ASSERTIONS = NO;
				ENABLE_STRICT_OBJC_MSGSEND = YES;
				GCC_C_LANGUAGE_STANDARD = gnu99;
				GCC_WARN_64_TO_32_BIT_CONVERSION = YES;
				GCC_WARN_ABOUT_RETURN_TYPE = YES_ERROR;
				GCC_WARN_UNDECLARED_SELECTOR = YES;
				GCC_WARN_UNINITIALIZED_AUTOS = YES_AGGRESSIVE;
				GCC_WARN_UNUSED_FUNCTION = YES;
				GCC_WARN_UNUSED_VARIABLE = YES;
				HEADER_SEARCH_PATHS = (
					"$(inherited)",
					/Applications/Xcode.app/Contents/Developer/Toolchains/XcodeDefault.xctoolchain/usr/include,
					"$(SRCROOT)/../node_modules/react-native/React/**",
					"$(SRCROOT)/../node_modules/realm/src/**",
					"$(SRCROOT)/../node_modules/react-native-vector-icons/RNVectorIconsManager",
					"$(SRCROOT)/../node_modules/react-native-maps/ios/AirMaps/**",
					"$(SRCROOT)/../node_modules/react-native-device-info/RNDeviceInfo",
				);
				IPHONEOS_DEPLOYMENT_TARGET = 8.0;
				MTL_ENABLE_DEBUG_INFO = NO;
				SDKROOT = iphoneos;
				VALIDATE_PRODUCT = YES;
			};
			name = Release;
		};
/* End XCBuildConfiguration section */

/* Begin XCConfigurationList section */
		00E357021AD99517003FC87E /* Build configuration list for PBXNativeTarget "kakeeTests" */ = {
			isa = XCConfigurationList;
			buildConfigurations = (
				00E356F61AD99517003FC87E /* Debug */,
				00E356F71AD99517003FC87E /* Release */,
			);
			defaultConfigurationIsVisible = 0;
			defaultConfigurationName = Release;
		};
		13B07F931A680F5B00A75B9A /* Build configuration list for PBXNativeTarget "kakee" */ = {
			isa = XCConfigurationList;
			buildConfigurations = (
				13B07F941A680F5B00A75B9A /* Debug */,
				13B07F951A680F5B00A75B9A /* Release */,
			);
			defaultConfigurationIsVisible = 0;
			defaultConfigurationName = Release;
		};
		83CBB9FA1A601CBA00E9B192 /* Build configuration list for PBXProject "kakee" */ = {
			isa = XCConfigurationList;
			buildConfigurations = (
				83CBBA201A601CBA00E9B192 /* Debug */,
				83CBBA211A601CBA00E9B192 /* Release */,
			);
			defaultConfigurationIsVisible = 0;
			defaultConfigurationName = Release;
		};
/* End XCConfigurationList section */
	};
	rootObject = 83CBB9F71A601CBA00E9B192 /* Project object */;
}
